// !$*UTF8*$!
{
	archiveVersion = 1;
	classes = {
	};
	objectVersion = 56;
	objects = {

/* Begin PBXBuildFile section */
		6932D7612D2F633E0024A5E9 /* ElClimaApp.swift in Sources */ = {isa = PBXBuildFile; fileRef = 6932D7602D2F633E0024A5E9 /* ElClimaApp.swift */; };
		6932D7632D2F633E0024A5E9 /* ContentView.swift in Sources */ = {isa = PBXBuildFile; fileRef = 6932D7622D2F633E0024A5E9 /* ContentView.swift */; };
		6932D7652D2F633F0024A5E9 /* Assets.xcassets in Resources */ = {isa = PBXBuildFile; fileRef = 6932D7642D2F633F0024A5E9 /* Assets.xcassets */; };
		6932D7682D2F633F0024A5E9 /* Preview Assets.xcassets in Resources */ = {isa = PBXBuildFile; fileRef = 6932D7672D2F633F0024A5E9 /* Preview Assets.xcassets */; };
		6932D7722D2F6AAE0024A5E9 /* LocationManager.swift in Sources */ = {isa = PBXBuildFile; fileRef = 6932D7712D2F6AAE0024A5E9 /* LocationManager.swift */; };
		6932D7742D2F715D0024A5E9 /* FirstView.swift in Sources */ = {isa = PBXBuildFile; fileRef = 6932D7732D2F715D0024A5E9 /* FirstView.swift */; };
		6932D7762D2F73850024A5E9 /* CloudyView.swift in Sources */ = {isa = PBXBuildFile; fileRef = 6932D7752D2F73850024A5E9 /* CloudyView.swift */; };
		6932D7782D2F73A00024A5E9 /* SunnyView.swift in Sources */ = {isa = PBXBuildFile; fileRef = 6932D7772D2F73A00024A5E9 /* SunnyView.swift */; };
		6932D77A2D2F73BC0024A5E9 /* StormyView.swift in Sources */ = {isa = PBXBuildFile; fileRef = 6932D7792D2F73BC0024A5E9 /* StormyView.swift */; };
		69E99F812D30C055009D0A9F /* AnimatedWeatherBackground.swift in Sources */ = {isa = PBXBuildFile; fileRef = 69E99F802D30C055009D0A9F /* AnimatedWeatherBackground.swift */; };
/* End PBXBuildFile section */

/* Begin PBXFileReference section */
		6932D75D2D2F633E0024A5E9 /* ElClima.app */ = {isa = PBXFileReference; explicitFileType = wrapper.application; includeInIndex = 0; path = ElClima.app; sourceTree = BUILT_PRODUCTS_DIR; };
		6932D7602D2F633E0024A5E9 /* ElClimaApp.swift */ = {isa = PBXFileReference; lastKnownFileType = sourcecode.swift; path = ElClimaApp.swift; sourceTree = "<group>"; };
		6932D7622D2F633E0024A5E9 /* ContentView.swift */ = {isa = PBXFileReference; lastKnownFileType = sourcecode.swift; path = ContentView.swift; sourceTree = "<group>"; };
		6932D7642D2F633F0024A5E9 /* Assets.xcassets */ = {isa = PBXFileReference; lastKnownFileType = folder.assetcatalog; path = Assets.xcassets; sourceTree = "<group>"; };
		6932D7672D2F633F0024A5E9 /* Preview Assets.xcassets */ = {isa = PBXFileReference; lastKnownFileType = folder.assetcatalog; path = "Preview Assets.xcassets"; sourceTree = "<group>"; };
		6932D7702D2F67A40024A5E9 /* README.md */ = {isa = PBXFileReference; lastKnownFileType = net.daringfireball.markdown; path = README.md; sourceTree = "<group>"; };
		6932D7712D2F6AAE0024A5E9 /* LocationManager.swift */ = {isa = PBXFileReference; lastKnownFileType = sourcecode.swift; path = LocationManager.swift; sourceTree = "<group>"; };
		6932D7732D2F715D0024A5E9 /* FirstView.swift */ = {isa = PBXFileReference; lastKnownFileType = sourcecode.swift; path = FirstView.swift; sourceTree = "<group>"; };
		6932D7752D2F73850024A5E9 /* CloudyView.swift */ = {isa = PBXFileReference; lastKnownFileType = sourcecode.swift; path = CloudyView.swift; sourceTree = "<group>"; };
		6932D7772D2F73A00024A5E9 /* SunnyView.swift */ = {isa = PBXFileReference; lastKnownFileType = sourcecode.swift; path = SunnyView.swift; sourceTree = "<group>"; };
		6932D7792D2F73BC0024A5E9 /* StormyView.swift */ = {isa = PBXFileReference; lastKnownFileType = sourcecode.swift; path = StormyView.swift; sourceTree = "<group>"; };
		69E99F802D30C055009D0A9F /* AnimatedWeatherBackground.swift */ = {isa = PBXFileReference; lastKnownFileType = sourcecode.swift; path = AnimatedWeatherBackground.swift; sourceTree = "<group>"; };
/* End PBXFileReference section */

/* Begin PBXFrameworksBuildPhase section */
		6932D75A2D2F633E0024A5E9 /* Frameworks */ = {
			isa = PBXFrameworksBuildPhase;
			buildActionMask = 2147483647;
			files = (
			);
			runOnlyForDeploymentPostprocessing = 0;
		};
/* End PBXFrameworksBuildPhase section */

/* Begin PBXGroup section */
		6932D7542D2F633E0024A5E9 = {
			isa = PBXGroup;
			children = (
				6932D75F2D2F633E0024A5E9 /* ElClima */,
				6932D75E2D2F633E0024A5E9 /* Products */,
			);
			sourceTree = "<group>";
		};
		6932D75E2D2F633E0024A5E9 /* Products */ = {
			isa = PBXGroup;
			children = (
				6932D75D2D2F633E0024A5E9 /* ElClima.app */,
			);
			name = Products;
			sourceTree = "<group>";
		};
		6932D75F2D2F633E0024A5E9 /* ElClima */ = {
			isa = PBXGroup;
			children = (
				69E99F7F2D30BA85009D0A9F /* Helpers */,
				6932D7702D2F67A40024A5E9 /* README.md */,
				6932D7602D2F633E0024A5E9 /* ElClimaApp.swift */,
				6932D77B2D2F7E250024A5E9 /* Managers */,
				6932D77C2D2F7F280024A5E9 /* Views */,
				6932D7642D2F633F0024A5E9 /* Assets.xcassets */,
				6932D7662D2F633F0024A5E9 /* Preview Content */,
			);
			path = ElClima;
			sourceTree = "<group>";
		};
		6932D7662D2F633F0024A5E9 /* Preview Content */ = {
			isa = PBXGroup;
			children = (
				6932D7672D2F633F0024A5E9 /* Preview Assets.xcassets */,
			);
			path = "Preview Content";
			sourceTree = "<group>";
		};
		6932D77B2D2F7E250024A5E9 /* Managers */ = {
			isa = PBXGroup;
			children = (
				6932D7712D2F6AAE0024A5E9 /* LocationManager.swift */,
			);
			path = Managers;
			sourceTree = "<group>";
		};
		6932D77C2D2F7F280024A5E9 /* Views */ = {
			isa = PBXGroup;
			children = (
				6932D7622D2F633E0024A5E9 /* ContentView.swift */,
				6932D7732D2F715D0024A5E9 /* FirstView.swift */,
				6932D77D2D2F7F380024A5E9 /* SubViews */,
			);
			path = Views;
			sourceTree = "<group>";
		};
		6932D77D2D2F7F380024A5E9 /* SubViews */ = {
			isa = PBXGroup;
			children = (
				6932D7752D2F73850024A5E9 /* CloudyView.swift */,
				6932D7792D2F73BC0024A5E9 /* StormyView.swift */,
				6932D7772D2F73A00024A5E9 /* SunnyView.swift */,
			);
			path = SubViews;
			sourceTree = "<group>";
		};
		69E99F7F2D30BA85009D0A9F /* Helpers */ = {
			isa = PBXGroup;
			children = (
				69E99F802D30C055009D0A9F /* AnimatedWeatherBackground.swift */,
			);
			path = Helpers;
			sourceTree = "<group>";
		};
/* End PBXGroup section */

/* Begin PBXNativeTarget section */
		6932D75C2D2F633E0024A5E9 /* ElClima */ = {
			isa = PBXNativeTarget;
			buildConfigurationList = 6932D76B2D2F633F0024A5E9 /* Build configuration list for PBXNativeTarget "ElClima" */;
			buildPhases = (
				6932D7592D2F633E0024A5E9 /* Sources */,
				6932D75A2D2F633E0024A5E9 /* Frameworks */,
				6932D75B2D2F633E0024A5E9 /* Resources */,
			);
			buildRules = (
			);
			dependencies = (
			);
			name = ElClima;
			productName = ElClima;
			productReference = 6932D75D2D2F633E0024A5E9 /* ElClima.app */;
			productType = "com.apple.product-type.application";
		};
/* End PBXNativeTarget section */

/* Begin PBXProject section */
		6932D7552D2F633E0024A5E9 /* Project object */ = {
			isa = PBXProject;
			attributes = {
				BuildIndependentTargetsInParallel = 1;
				LastSwiftUpdateCheck = 1540;
				LastUpgradeCheck = 1540;
				TargetAttributes = {
					6932D75C2D2F633E0024A5E9 = {
						CreatedOnToolsVersion = 15.4;
					};
				};
			};
			buildConfigurationList = 6932D7582D2F633E0024A5E9 /* Build configuration list for PBXProject "ElClima" */;
			compatibilityVersion = "Xcode 14.0";
			developmentRegion = en;
			hasScannedForEncodings = 0;
			knownRegions = (
				en,
				Base,
			);
			mainGroup = 6932D7542D2F633E0024A5E9;
			productRefGroup = 6932D75E2D2F633E0024A5E9 /* Products */;
			projectDirPath = "";
			projectRoot = "";
			targets = (
				6932D75C2D2F633E0024A5E9 /* ElClima */,
			);
		};
/* End PBXProject section */

/* Begin PBXResourcesBuildPhase section */
		6932D75B2D2F633E0024A5E9 /* Resources */ = {
			isa = PBXResourcesBuildPhase;
			buildActionMask = 2147483647;
			files = (
				6932D7682D2F633F0024A5E9 /* Preview Assets.xcassets in Resources */,
				6932D7652D2F633F0024A5E9 /* Assets.xcassets in Resources */,
			);
			runOnlyForDeploymentPostprocessing = 0;
		};
/* End PBXResourcesBuildPhase section */

/* Begin PBXSourcesBuildPhase section */
		6932D7592D2F633E0024A5E9 /* Sources */ = {
			isa = PBXSourcesBuildPhase;
			buildActionMask = 2147483647;
			files = (
				6932D7762D2F73850024A5E9 /* CloudyView.swift in Sources */,
				6932D7632D2F633E0024A5E9 /* ContentView.swift in Sources */,
				6932D7782D2F73A00024A5E9 /* SunnyView.swift in Sources */,
				6932D7742D2F715D0024A5E9 /* FirstView.swift in Sources */,
				6932D77A2D2F73BC0024A5E9 /* StormyView.swift in Sources */,
				69E99F812D30C055009D0A9F /* AnimatedWeatherBackground.swift in Sources */,
				6932D7612D2F633E0024A5E9 /* ElClimaApp.swift in Sources */,
				6932D7722D2F6AAE0024A5E9 /* LocationManager.swift in Sources */,
			);
			runOnlyForDeploymentPostprocessing = 0;
		};
/* End PBXSourcesBuildPhase section */

/* Begin XCBuildConfiguration section */
		6932D7692D2F633F0024A5E9 /* Debug */ = {
			isa = XCBuildConfiguration;
			buildSettings = {
				ALWAYS_SEARCH_USER_PATHS = NO;
				ASSETCATALOG_COMPILER_GENERATE_SWIFT_ASSET_SYMBOL_EXTENSIONS = YES;
				CLANG_ANALYZER_NONNULL = YES;
				CLANG_ANALYZER_NUMBER_OBJECT_CONVERSION = YES_AGGRESSIVE;
				CLANG_CXX_LANGUAGE_STANDARD = "gnu++20";
				CLANG_ENABLE_MODULES = YES;
				CLANG_ENABLE_OBJC_ARC = YES;
				CLANG_ENABLE_OBJC_WEAK = YES;
				CLANG_WARN_BLOCK_CAPTURE_AUTORELEASING = YES;
				CLANG_WARN_BOOL_CONVERSION = YES;
				CLANG_WARN_COMMA = YES;
				CLANG_WARN_CONSTANT_CONVERSION = YES;
				CLANG_WARN_DEPRECATED_OBJC_IMPLEMENTATIONS = YES;
				CLANG_WARN_DIRECT_OBJC_ISA_USAGE = YES_ERROR;
				CLANG_WARN_DOCUMENTATION_COMMENTS = YES;
				CLANG_WARN_EMPTY_BODY = YES;
				CLANG_WARN_ENUM_CONVERSION = YES;
				CLANG_WARN_INFINITE_RECURSION = YES;
				CLANG_WARN_INT_CONVERSION = YES;
				CLANG_WARN_NON_LITERAL_NULL_CONVERSION = YES;
				CLANG_WARN_OBJC_IMPLICIT_RETAIN_SELF = YES;
				CLANG_WARN_OBJC_LITERAL_CONVERSION = YES;
				CLANG_WARN_OBJC_ROOT_CLASS = YES_ERROR;
				CLANG_WARN_QUOTED_INCLUDE_IN_FRAMEWORK_HEADER = YES;
				CLANG_WARN_RANGE_LOOP_ANALYSIS = YES;
				CLANG_WARN_STRICT_PROTOTYPES = YES;
				CLANG_WARN_SUSPICIOUS_MOVE = YES;
				CLANG_WARN_UNGUARDED_AVAILABILITY = YES_AGGRESSIVE;
				CLANG_WARN_UNREACHABLE_CODE = YES;
				CLANG_WARN__DUPLICATE_METHOD_MATCH = YES;
				COPY_PHASE_STRIP = NO;
				DEBUG_INFORMATION_FORMAT = dwarf;
				ENABLE_STRICT_OBJC_MSGSEND = YES;
				ENABLE_TESTABILITY = YES;
				ENABLE_USER_SCRIPT_SANDBOXING = YES;
				GCC_C_LANGUAGE_STANDARD = gnu17;
				GCC_DYNAMIC_NO_PIC = NO;
				GCC_NO_COMMON_BLOCKS = YES;
				GCC_OPTIMIZATION_LEVEL = 0;
				GCC_PREPROCESSOR_DEFINITIONS = (
					"DEBUG=1",
					"$(inherited)",
				);
				GCC_WARN_64_TO_32_BIT_CONVERSION = YES;
				GCC_WARN_ABOUT_RETURN_TYPE = YES_ERROR;
				GCC_WARN_UNDECLARED_SELECTOR = YES;
				GCC_WARN_UNINITIALIZED_AUTOS = YES_AGGRESSIVE;
				GCC_WARN_UNUSED_FUNCTION = YES;
				GCC_WARN_UNUSED_VARIABLE = YES;
				IPHONEOS_DEPLOYMENT_TARGET = 17.5;
				LOCALIZATION_PREFERS_STRING_CATALOGS = YES;
				MTL_ENABLE_DEBUG_INFO = INCLUDE_SOURCE;
				MTL_FAST_MATH = YES;
				ONLY_ACTIVE_ARCH = YES;
				SDKROOT = iphoneos;
				SWIFT_ACTIVE_COMPILATION_CONDITIONS = "DEBUG $(inherited)";
				SWIFT_OPTIMIZATION_LEVEL = "-Onone";
			};
			name = Debug;
		};
		6932D76A2D2F633F0024A5E9 /* Release */ = {
			isa = XCBuildConfiguration;
			buildSettings = {
				ALWAYS_SEARCH_USER_PATHS = NO;
				ASSETCATALOG_COMPILER_GENERATE_SWIFT_ASSET_SYMBOL_EXTENSIONS = YES;
				CLANG_ANALYZER_NONNULL = YES;
				CLANG_ANALYZER_NUMBER_OBJECT_CONVERSION = YES_AGGRESSIVE;
				CLANG_CXX_LANGUAGE_STANDARD = "gnu++20";
				CLANG_ENABLE_MODULES = YES;
				CLANG_ENABLE_OBJC_ARC = YES;
				CLANG_ENABLE_OBJC_WEAK = YES;
				CLANG_WARN_BLOCK_CAPTURE_AUTORELEASING = YES;
				CLANG_WARN_BOOL_CONVERSION = YES;
				CLANG_WARN_COMMA = YES;
				CLANG_WARN_CONSTANT_CONVERSION = YES;
				CLANG_WARN_DEPRECATED_OBJC_IMPLEMENTATIONS = YES;
				CLANG_WARN_DIRECT_OBJC_ISA_USAGE = YES_ERROR;
				CLANG_WARN_DOCUMENTATION_COMMENTS = YES;
				CLANG_WARN_EMPTY_BODY = YES;
				CLANG_WARN_ENUM_CONVERSION = YES;
				CLANG_WARN_INFINITE_RECURSION = YES;
				CLANG_WARN_INT_CONVERSION = YES;
				CLANG_WARN_NON_LITERAL_NULL_CONVERSION = YES;
				CLANG_WARN_OBJC_IMPLICIT_RETAIN_SELF = YES;
				CLANG_WARN_OBJC_LITERAL_CONVERSION = YES;
				CLANG_WARN_OBJC_ROOT_CLASS = YES_ERROR;
				CLANG_WARN_QUOTED_INCLUDE_IN_FRAMEWORK_HEADER = YES;
				CLANG_WARN_RANGE_LOOP_ANALYSIS = YES;
				CLANG_WARN_STRICT_PROTOTYPES = YES;
				CLANG_WARN_SUSPICIOUS_MOVE = YES;
				CLANG_WARN_UNGUARDED_AVAILABILITY = YES_AGGRESSIVE;
				CLANG_WARN_UNREACHABLE_CODE = YES;
				CLANG_WARN__DUPLICATE_METHOD_MATCH = YES;
				COPY_PHASE_STRIP = NO;
				DEBUG_INFORMATION_FORMAT = "dwarf-with-dsym";
				ENABLE_NS_ASSERTIONS = NO;
				ENABLE_STRICT_OBJC_MSGSEND = YES;
				ENABLE_USER_SCRIPT_SANDBOXING = YES;
				GCC_C_LANGUAGE_STANDARD = gnu17;
				GCC_NO_COMMON_BLOCKS = YES;
				GCC_WARN_64_TO_32_BIT_CONVERSION = YES;
				GCC_WARN_ABOUT_RETURN_TYPE = YES_ERROR;
				GCC_WARN_UNDECLARED_SELECTOR = YES;
				GCC_WARN_UNINITIALIZED_AUTOS = YES_AGGRESSIVE;
				GCC_WARN_UNUSED_FUNCTION = YES;
				GCC_WARN_UNUSED_VARIABLE = YES;
				IPHONEOS_DEPLOYMENT_TARGET = 17.5;
				LOCALIZATION_PREFERS_STRING_CATALOGS = YES;
				MTL_ENABLE_DEBUG_INFO = NO;
				MTL_FAST_MATH = YES;
				SDKROOT = iphoneos;
				SWIFT_COMPILATION_MODE = wholemodule;
				VALIDATE_PRODUCT = YES;
			};
			name = Release;
		};
		6932D76C2D2F633F0024A5E9 /* Debug */ = {
			isa = XCBuildConfiguration;
			buildSettings = {
				ASSETCATALOG_COMPILER_APPICON_NAME = AppIcon;
				ASSETCATALOG_COMPILER_GLOBAL_ACCENT_COLOR_NAME = AccentColor;
				CODE_SIGN_STYLE = Automatic;
				CURRENT_PROJECT_VERSION = 1;
				DEVELOPMENT_ASSET_PATHS = "\"ElClima/Preview Content\"";
				DEVELOPMENT_TEAM = 3XJS2JRDPF;
				ENABLE_PREVIEWS = YES;
				GENERATE_INFOPLIST_FILE = YES;
				INFOPLIST_KEY_UIApplicationSceneManifest_Generation = YES;
				INFOPLIST_KEY_UIApplicationSupportsIndirectInputEvents = YES;
				INFOPLIST_KEY_UILaunchScreen_Generation = YES;
				INFOPLIST_KEY_UISupportedInterfaceOrientations_iPad = "UIInterfaceOrientationPortrait UIInterfaceOrientationPortraitUpsideDown UIInterfaceOrientationLandscapeLeft UIInterfaceOrientationLandscapeRight";
				INFOPLIST_KEY_UISupportedInterfaceOrientations_iPhone = "UIInterfaceOrientationPortrait UIInterfaceOrientationLandscapeLeft UIInterfaceOrientationLandscapeRight";
				IPHONEOS_DEPLOYMENT_TARGET = 15.0;
				LD_RUNPATH_SEARCH_PATHS = (
					"$(inherited)",
					"@executable_path/Frameworks",
				);
				MARKETING_VERSION = 1.0;
				PRODUCT_BUNDLE_IDENTIFIER = com.jairramirezgaston.ElClima;
				PRODUCT_NAME = "$(TARGET_NAME)";
				SUPPORTED_PLATFORMS = "iphoneos iphonesimulator";
				SUPPORTS_MACCATALYST = NO;
				SUPPORTS_MAC_DESIGNED_FOR_IPHONE_IPAD = NO;
				SUPPORTS_XR_DESIGNED_FOR_IPHONE_IPAD = NO;
				SWIFT_EMIT_LOC_STRINGS = YES;
				SWIFT_VERSION = 5.0;
				TARGETED_DEVICE_FAMILY = 1;
			};
			name = Debug;
		};
		6932D76D2D2F633F0024A5E9 /* Release */ = {
			isa = XCBuildConfiguration;
			buildSettings = {
				ASSETCATALOG_COMPILER_APPICON_NAME = AppIcon;
				ASSETCATALOG_COMPILER_GLOBAL_ACCENT_COLOR_NAME = AccentColor;
				CODE_SIGN_STYLE = Automatic;
				CURRENT_PROJECT_VERSION = 1;
				DEVELOPMENT_ASSET_PATHS = "\"ElClima/Preview Content\"";
				DEVELOPMENT_TEAM = 3XJS2JRDPF;
				ENABLE_PREVIEWS = YES;
				GENERATE_INFOPLIST_FILE = YES;
				INFOPLIST_KEY_UIApplicationSceneManifest_Generation = YES;
				INFOPLIST_KEY_UIApplicationSupportsIndirectInputEvents = YES;
				INFOPLIST_KEY_UILaunchScreen_Generation = YES;
				INFOPLIST_KEY_UISupportedInterfaceOrientations_iPad = "UIInterfaceOrientationPortrait UIInterfaceOrientationPortraitUpsideDown UIInterfaceOrientationLandscapeLeft UIInterfaceOrientationLandscapeRight";
				INFOPLIST_KEY_UISupportedInterfaceOrientations_iPhone = "UIInterfaceOrientationPortrait UIInterfaceOrientationLandscapeLeft UIInterfaceOrientationLandscapeRight";
				IPHONEOS_DEPLOYMENT_TARGET = 15.0;
				LD_RUNPATH_SEARCH_PATHS = (
					"$(inherited)",
					"@executable_path/Frameworks",
				);
				MARKETING_VERSION = 1.0;
				PRODUCT_BUNDLE_IDENTIFIER = com.jairramirezgaston.ElClima;
				PRODUCT_NAME = "$(TARGET_NAME)";
				SUPPORTED_PLATFORMS = "iphoneos iphonesimulator";
				SUPPORTS_MACCATALYST = NO;
				SUPPORTS_MAC_DESIGNED_FOR_IPHONE_IPAD = NO;
				SUPPORTS_XR_DESIGNED_FOR_IPHONE_IPAD = NO;
				SWIFT_EMIT_LOC_STRINGS = YES;
				SWIFT_VERSION = 5.0;
				TARGETED_DEVICE_FAMILY = 1;
			};
			name = Release;
		};
/* End XCBuildConfiguration section */

/* Begin XCConfigurationList section */
		6932D7582D2F633E0024A5E9 /* Build configuration list for PBXProject "ElClima" */ = {
			isa = XCConfigurationList;
			buildConfigurations = (
				6932D7692D2F633F0024A5E9 /* Debug */,
				6932D76A2D2F633F0024A5E9 /* Release */,
			);
			defaultConfigurationIsVisible = 0;
			defaultConfigurationName = Release;
		};
		6932D76B2D2F633F0024A5E9 /* Build configuration list for PBXNativeTarget "ElClima" */ = {
			isa = XCConfigurationList;
			buildConfigurations = (
				6932D76C2D2F633F0024A5E9 /* Debug */,
				6932D76D2D2F633F0024A5E9 /* Release */,
			);
			defaultConfigurationIsVisible = 0;
			defaultConfigurationName = Release;
		};
/* End XCConfigurationList section */
	};
	rootObject = 6932D7552D2F633E0024A5E9 /* Project object */;
}
